{
  "name": "myshiningstar",
  "lockfileVersion": 2,
  "requires": true,
  "packages": {
    "": {
      "dependencies": {
        "atomicjs": "^4.4.1"
      }
    },
    "node_modules/atomicjs": {
      "version": "4.4.1",
      "resolved": "https://registry.npmjs.org/atomicjs/-/atomicjs-4.4.1.tgz",
      "integrity": "sha512-SJ9wl96kAzlwGPKCqVaXYY7+Tcjj10XN293tGnE+qcxrjeBwsseNLTHKh7Px/qG3sFKGrzGpPdtmZQF4DZTcjQ=="
    }
  },
  "dependencies": {
    "atomicjs": {
      "version": "4.4.1",
      "resolved": "https://registry.npmjs.org/atomicjs/-/atomicjs-4.4.1.tgz",
      "integrity": "sha512-SJ9wl96kAzlwGPKCqVaXYY7+Tcjj10XN293tGnE+qcxrjeBwsseNLTHKh7Px/qG3sFKGrzGpPdtmZQF4DZTcjQ=="
    }
  }
}
